{
  "name": "lfs-pointer",
  "version": "1.0.0",
  "lockfileVersion": 1,
  "requires": true,
  "dependencies": {
    "asmcrypto-lite": {
      "version": "1.1.0",
      "resolved": "https://registry.npmjs.org/asmcrypto-lite/-/asmcrypto-lite-1.1.0.tgz",
      "integrity": "sha1-6Zb6AnHFjDwlqegBWMRJv6SY2fs="
    }
  }
}
